
Microsoft Visual Studio Solution File, Format Version 12.00
# Visual Studio Version 17
VisualStudioVersion = 17.7.34009.444
MinimumVisualStudioVersion = 10.0.40219.1
Project("{FAE04EC0-301F-11D3-BF4B-00C04F79EFBC}") = "ToDoList", "ToDoList\ToDoList.csproj", "{806B1285-95E3-45C3-BDC1-8C9FAA315D3D}"
EndProject
Global
	GlobalSection(SolutionConfigurationPlatforms) = preSolution
		Debug|Any CPU = Debug|Any CPU
		Release|Any CPU = Release|Any CPU
	EndGlobalSection
	GlobalSection(ProjectConfigurationPlatforms) = postSolution
		{806B1285-95E3-45C3-BDC1-8C9FAA315D3D}.Debug|Any CPU.ActiveCfg = Debug|Any CPU
		{806B1285-95E3-45C3-BDC1-8C9FAA315D3D}.Debug|Any CPU.Build.0 = Debug|Any CPU
		{806B1285-95E3-45C3-BDC1-8C9FAA315D3D}.Release|Any CPU.ActiveCfg = Release|Any CPU
		{806B1285-95E3-45C3-BDC1-8C9FAA315D3D}.Release|Any CPU.Build.0 = Release|Any CPU
	EndGlobalSection
	GlobalSection(SolutionProperties) = preSolution
		HideSolutionNode = FALSE
	EndGlobalSection
	GlobalSection(ExtensibilityGlobals) = postSolution
		SolutionGuid = {0B9191B4-CDE0-46AC-935D-8EBC948362AE}
	EndGlobalSection
EndGlobal
